{
  "name": "quasi-html-string",
  "version": "0.1.2",
  "lockfileVersion": 1,
  "dependencies": {
    "quasi-html": {
      "version": "0.1.2",
      "resolved": "https://registry.npmjs.org/quasi-html/-/quasi-html-0.1.2.tgz",
      "integrity": "sha512-qqQAQb/MRWXByOEtdKDYJE3hCcdQD23KSn36D74YCt4dH16v7AAcCeKKoT74S50DCEu8NwYfUNNw51I/iZr0RQ=="
    }
  }
}
