{
  "name": "quasi-html-string",
  "version": "0.1.3",
  "lockfileVersion": 1,
  "dependencies": {
    "quasi-html": {
      "version": "0.1.3",
      "resolved": "https://registry.npmjs.org/quasi-html/-/quasi-html-0.1.3.tgz",
      "integrity": "sha512-Q3GSnMTeP9ox5D2lbAjWf+dOJYfhyw0xhe+q5ec7a0+LJtx11fSusqW2n/J0Il5IWLZ32s8d7Ndx6QPffjSi0A=="
    }
  }
}
