{
  "name": "htmltag-string",
  "version": "0.1.5",
  "lockfileVersion": 1,
  "dependencies": {
    "htmltag": {
      "version": "0.1.5",
      "resolved": "https://registry.npmjs.org/htmltag/-/htmltag-0.1.5.tgz",
      "integrity": "sha512-yMZnIJqvAXXdyltNiXiBCZowi/CL7pjF0fOlN4WiozLE5+hbGdf4HAzVsFa0vcw8TirL3hER8EZQAJkvzfYvTg=="
    }
  }
}
